
Microsoft Visual Studio Solution File, Format Version 12.00
# Visual Studio Version 17
VisualStudioVersion = 17.10.35027.167
MinimumVisualStudioVersion = 10.0.40219.1
Project("{9A19103F-16F7-4668-BE54-9A1E7A4F7556}") = "Eshop.Api", "Eshop.Api\Eshop.Api.csproj", "{AD3E2DEC-48ED-45DB-8B7B-37A802B0ACE5}"
EndProject
Project("{9A19103F-16F7-4668-BE54-9A1E7A4F7556}") = "Eshop.Models", "Eshop.Models\Eshop.Models.csproj", "{04FCCEBE-4E32-486E-97AB-F98630FFACFF}"
EndProject
Project("{9A19103F-16F7-4668-BE54-9A1E7A4F7556}") = "Eshop.DataAccess", "Eshop.DataAccess\Eshop.DataAccess.csproj", "{98867634-B015-4FCE-AB42-5123F28B2253}"
EndProject
Global
	GlobalSection(SolutionConfigurationPlatforms) = preSolution
		Debug|Any CPU = Debug|Any CPU
		Release|Any CPU = Release|Any CPU
	EndGlobalSection
	GlobalSection(ProjectConfigurationPlatforms) = postSolution
		{AD3E2DEC-48ED-45DB-8B7B-37A802B0ACE5}.Debug|Any CPU.ActiveCfg = Debug|Any CPU
		{AD3E2DEC-48ED-45DB-8B7B-37A802B0ACE5}.Debug|Any CPU.Build.0 = Debug|Any CPU
		{AD3E2DEC-48ED-45DB-8B7B-37A802B0ACE5}.Release|Any CPU.ActiveCfg = Release|Any CPU
		{AD3E2DEC-48ED-45DB-8B7B-37A802B0ACE5}.Release|Any CPU.Build.0 = Release|Any CPU
		{04FCCEBE-4E32-486E-97AB-F98630FFACFF}.Debug|Any CPU.ActiveCfg = Debug|Any CPU
		{04FCCEBE-4E32-486E-97AB-F98630FFACFF}.Debug|Any CPU.Build.0 = Debug|Any CPU
		{04FCCEBE-4E32-486E-97AB-F98630FFACFF}.Release|Any CPU.ActiveCfg = Release|Any CPU
		{04FCCEBE-4E32-486E-97AB-F98630FFACFF}.Release|Any CPU.Build.0 = Release|Any CPU
		{98867634-B015-4FCE-AB42-5123F28B2253}.Debug|Any CPU.ActiveCfg = Debug|Any CPU
		{98867634-B015-4FCE-AB42-5123F28B2253}.Debug|Any CPU.Build.0 = Debug|Any CPU
		{98867634-B015-4FCE-AB42-5123F28B2253}.Release|Any CPU.ActiveCfg = Release|Any CPU
		{98867634-B015-4FCE-AB42-5123F28B2253}.Release|Any CPU.Build.0 = Release|Any CPU
	EndGlobalSection
	GlobalSection(SolutionProperties) = preSolution
		HideSolutionNode = FALSE
	EndGlobalSection
	GlobalSection(ExtensibilityGlobals) = postSolution
		SolutionGuid = {C593A9D2-50F1-493B-A945-161701EE27F6}
	EndGlobalSection
EndGlobal
